
Microsoft Visual Studio Solution File, Format Version 12.00
# Visual Studio Version 16
VisualStudioVersion = 16.0.31321.278
MinimumVisualStudioVersion = 10.0.40219.1
Project("{FAE04EC0-301F-11D3-BF4B-00C04F79EFBC}") = "CmdApi", "CmdApi.csproj", "{D153B9EB-9B3C-43CD-A4BF-8B092CE97DCC}"
EndProject
Global
	GlobalSection(SolutionConfigurationPlatforms) = preSolution
		Debug|Any CPU = Debug|Any CPU
		Release|Any CPU = Release|Any CPU
	EndGlobalSection
	GlobalSection(ProjectConfigurationPlatforms) = postSolution
		{D153B9EB-9B3C-43CD-A4BF-8B092CE97DCC}.Debug|Any CPU.ActiveCfg = Debug|Any CPU
		{D153B9EB-9B3C-43CD-A4BF-8B092CE97DCC}.Debug|Any CPU.Build.0 = Debug|Any CPU
		{D153B9EB-9B3C-43CD-A4BF-8B092CE97DCC}.Release|Any CPU.ActiveCfg = Release|Any CPU
		{D153B9EB-9B3C-43CD-A4BF-8B092CE97DCC}.Release|Any CPU.Build.0 = Release|Any CPU
	EndGlobalSection
	GlobalSection(SolutionProperties) = preSolution
		HideSolutionNode = FALSE
	EndGlobalSection
	GlobalSection(ExtensibilityGlobals) = postSolution
		SolutionGuid = {D4265BA2-47AC-49DF-9A83-B3E459CB06DB}
	EndGlobalSection
EndGlobal
